
Microsoft Visual Studio Solution File, Format Version 12.00
# Visual Studio 2013
VisualStudioVersion = 12.0.30501.0
MinimumVisualStudioVersion = 10.0.40219.1
Project("{FAE04EC0-301F-11D3-BF4B-00C04F79EFBC}") = "Jack.FoodTracker", "Jack.FoodTracker\Jack.FoodTracker.csproj", "{DCF1ABF9-0407-446C-8025-616A0F01974C}"
EndProject
Global
	GlobalSection(SolutionConfigurationPlatforms) = preSolution
		Debug|Any CPU = Debug|Any CPU
		Release|Any CPU = Release|Any CPU
	EndGlobalSection
	GlobalSection(ProjectConfigurationPlatforms) = postSolution
		{DCF1ABF9-0407-446C-8025-616A0F01974C}.Debug|Any CPU.ActiveCfg = Debug|Any CPU
		{DCF1ABF9-0407-446C-8025-616A0F01974C}.Debug|Any CPU.Build.0 = Debug|Any CPU
		{DCF1ABF9-0407-446C-8025-616A0F01974C}.Release|Any CPU.ActiveCfg = Release|Any CPU
		{DCF1ABF9-0407-446C-8025-616A0F01974C}.Release|Any CPU.Build.0 = Release|Any CPU
	EndGlobalSection
	GlobalSection(SolutionProperties) = preSolution
		HideSolutionNode = FALSE
	EndGlobalSection
EndGlobal
